
Microsoft Visual Studio Solution File, Format Version 12.00
# Visual Studio 15
VisualStudioVersion = 15.0.28307.168
MinimumVisualStudioVersion = 10.0.40219.1
Project("{FAE04EC0-301F-11D3-BF4B-00C04F79EFBC}") = "WebApplication8", "WebApplication8\WebApplication8.csproj", "{71FA5E00-5FAE-46E6-AA9E-7C98A4531C48}"
EndProject
Global
	GlobalSection(SolutionConfigurationPlatforms) = preSolution
		Debug|Any CPU = Debug|Any CPU
		Release|Any CPU = Release|Any CPU
	EndGlobalSection
	GlobalSection(ProjectConfigurationPlatforms) = postSolution
		{71FA5E00-5FAE-46E6-AA9E-7C98A4531C48}.Debug|Any CPU.ActiveCfg = Debug|Any CPU
		{71FA5E00-5FAE-46E6-AA9E-7C98A4531C48}.Debug|Any CPU.Build.0 = Debug|Any CPU
		{71FA5E00-5FAE-46E6-AA9E-7C98A4531C48}.Release|Any CPU.ActiveCfg = Release|Any CPU
		{71FA5E00-5FAE-46E6-AA9E-7C98A4531C48}.Release|Any CPU.Build.0 = Release|Any CPU
	EndGlobalSection
	GlobalSection(SolutionProperties) = preSolution
		HideSolutionNode = FALSE
	EndGlobalSection
	GlobalSection(ExtensibilityGlobals) = postSolution
		SolutionGuid = {2307B735-F18D-4B09-8E19-C1BE0FF835C6}
	EndGlobalSection
EndGlobal
